
Microsoft Visual Studio Solution File, Format Version 12.00
# Visual Studio Version 16
VisualStudioVersion = 16.0.31729.503
MinimumVisualStudioVersion = 10.0.40219.1
Project("{FAE04EC0-301F-11D3-BF4B-00C04F79EFBC}") = "ProcessingTaskResultAnalyse", "ProcessingTaskResultAnalyse\ProcessingTaskResultAnalyse.csproj", "{F7E57511-DBDB-4CB7-9E96-ABC92D68A94C}"
EndProject
Global
	GlobalSection(SolutionConfigurationPlatforms) = preSolution
		Debug|Any CPU = Debug|Any CPU
		Release|Any CPU = Release|Any CPU
	EndGlobalSection
	GlobalSection(ProjectConfigurationPlatforms) = postSolution
		{F7E57511-DBDB-4CB7-9E96-ABC92D68A94C}.Debug|Any CPU.ActiveCfg = Debug|Any CPU
		{F7E57511-DBDB-4CB7-9E96-ABC92D68A94C}.Debug|Any CPU.Build.0 = Debug|Any CPU
		{F7E57511-DBDB-4CB7-9E96-ABC92D68A94C}.Release|Any CPU.ActiveCfg = Release|Any CPU
		{F7E57511-DBDB-4CB7-9E96-ABC92D68A94C}.Release|Any CPU.Build.0 = Release|Any CPU
	EndGlobalSection
	GlobalSection(SolutionProperties) = preSolution
		HideSolutionNode = FALSE
	EndGlobalSection
	GlobalSection(ExtensibilityGlobals) = postSolution
		SolutionGuid = {1E514437-399B-4420-8FC5-FAC6BEBB18FD}
	EndGlobalSection
EndGlobal
